
Microsoft Visual Studio Solution File, Format Version 12.00
# Visual Studio Version 16
VisualStudioVersion = 16.0.36107.64
MinimumVisualStudioVersion = 10.0.40219.1
Project("{F184B08F-C81C-45F6-A57F-5ABD9991F28F}") = "QUESTION 3", "QUESTION 3.vbproj", "{57DB39F7-58DD-4761-946E-E4D802CA9D06}"
EndProject
Global
	GlobalSection(SolutionConfigurationPlatforms) = preSolution
		Debug|Any CPU = Debug|Any CPU
		Release|Any CPU = Release|Any CPU
	EndGlobalSection
	GlobalSection(ProjectConfigurationPlatforms) = postSolution
		{57DB39F7-58DD-4761-946E-E4D802CA9D06}.Debug|Any CPU.ActiveCfg = Debug|Any CPU
		{57DB39F7-58DD-4761-946E-E4D802CA9D06}.Debug|Any CPU.Build.0 = Debug|Any CPU
		{57DB39F7-58DD-4761-946E-E4D802CA9D06}.Release|Any CPU.ActiveCfg = Release|Any CPU
		{57DB39F7-58DD-4761-946E-E4D802CA9D06}.Release|Any CPU.Build.0 = Release|Any CPU
	EndGlobalSection
	GlobalSection(SolutionProperties) = preSolution
		HideSolutionNode = FALSE
	EndGlobalSection
	GlobalSection(ExtensibilityGlobals) = postSolution
		SolutionGuid = {3890F6EB-7345-4AB9-9282-A2CC6A0ED562}
	EndGlobalSection
EndGlobal
